{
    "name": "@playkit-js-contrib/plugin",
    "version": "3.0.2",
    "lockfileVersion": 1,
    "requires": true,
    "dependencies": {
        "@playkit-js-contrib/common": {
            "version": "file:../common",
            "requires": {
                "core-js": "^3.1.4"
            }
        },
        "@playkit-js-contrib/ui": {
            "version": "file:../ui",
            "requires": {
                "@playkit-js-contrib/common": "file:../common"
            }
        }
    }
}
