{
    "name": "@playkit-js-contrib/plugin",
    "version": "3.2.1",
    "lockfileVersion": 1,
    "requires": true,
    "dependencies": {
        "@playkit-js-contrib/common": {
            "version": "file:../common"
        },
        "@playkit-js-contrib/ui": {
            "version": "file:../ui"
        }
    }
}
