{
    "name": "@playkit-js-contrib/plugin",
    "version": "4.1.2",
    "lockfileVersion": 1,
    "requires": true,
    "dependencies": {
        "@playkit-js-contrib/common": {
            "version": "file:../common",
            "requires": {
                "core-js": "^3.1.4"
            },
            "dependencies": {
                "core-js": {
                    "version": "3.6.5",
                    "bundled": true
                }
            }
        },
        "@playkit-js-contrib/ui": {
            "version": "file:../ui",
            "requires": {
                "@playkit-js-contrib/common": "file:../common"
            },
            "dependencies": {
                "@playkit-js-contrib/common": {
                    "version": "file:../common",
                    "bundled": true,
                    "requires": {
                        "core-js": "^3.1.4"
                    },
                    "dependencies": {
                        "core-js": {
                            "version": "3.6.5",
                            "bundled": true
                        }
                    }
                }
            }
        }
    }
}
