{
  "name": "@playkit-js-contrib/common",
  "version": "3.0.0",
  "lockfileVersion": 1,
  "requires": true,
  "dependencies": {
    "core-js": {
      "version": "3.4.1",
      "resolved": "https://registry.npmjs.org/core-js/-/core-js-3.4.1.tgz",
      "integrity": "sha512-KX/dnuY/J8FtEwbnrzmAjUYgLqtk+cxM86hfG60LGiW3MmltIc2yAmDgBgEkfm0blZhUrdr1Zd84J2Y14mLxzg=="
    }
  }
}
