{
  "name": "@playkit-js-contrib/common",
  "version": "2.3.0",
  "lockfileVersion": 1,
  "requires": true,
  "dependencies": {
    "core-js": {
      "version": "3.3.5",
      "resolved": "https://registry.npmjs.org/core-js/-/core-js-3.3.5.tgz",
      "integrity": "sha512-0J3K+Par/ZydhKg8pEiTcK/9d65/nqJOzY62uMkjeBmt05fDOt/khUVjDdh8TpeIuGQDy1yLDDCjiWN/8pFIuw=="
    }
  }
}
