{
  "name": "@playkit-js-contrib/common",
  "version": "3.1.1",
  "lockfileVersion": 1,
  "requires": true,
  "dependencies": {
    "core-js": {
      "version": "3.4.8",
      "resolved": "https://registry.npmjs.org/core-js/-/core-js-3.4.8.tgz",
      "integrity": "sha512-b+BBmCZmVgho8KnBUOXpvlqEMguko+0P+kXCwD4vIprsXC6ht1qgPxtb1OK6XgSlrySF71wkwBQ0Hv695bk9gQ=="
    }
  }
}
