{
    "name": "@playkit-js-contrib/ui",
    "version": "4.1.5",
    "lockfileVersion": 1,
    "requires": true,
    "dependencies": {
        "@playkit-js-contrib/common": {
            "version": "file:../common",
            "requires": {
                "core-js": "^3.1.4"
            },
            "dependencies": {
                "core-js": {
                    "version": "3.6.5",
                    "bundled": true
                }
            }
        }
    }
}
